// !$*UTF8*$!
{
	archiveVersion = 1;
	classes = {
	};
	objectVersion = 48;
	objects = {

/* Begin PBXBuildFile section */
		043A0F0B1FEC5BD50092AB2F /* travelInforTableViewCell.swift in Sources */ = {isa = PBXBuildFile; fileRef = 043A0F091FEC5BD50092AB2F /* travelInforTableViewCell.swift */; };
		043A0F0C1FEC5BD50092AB2F /* travelInforTableViewCell.xib in Resources */ = {isa = PBXBuildFile; fileRef = 043A0F0A1FEC5BD50092AB2F /* travelInforTableViewCell.xib */; };
		043A0F101FED5A840092AB2F /* ChatViewController.swift in Sources */ = {isa = PBXBuildFile; fileRef = 043A0F0F1FED5A840092AB2F /* ChatViewController.swift */; };
		043A0F121FED5C190092AB2F /* BibleViewController.swift in Sources */ = {isa = PBXBuildFile; fileRef = 043A0F111FED5C190092AB2F /* BibleViewController.swift */; };
		0477DB2F1FE9A43B003BFD7E /* AppDelegate.swift in Sources */ = {isa = PBXBuildFile; fileRef = 0477DB2E1FE9A43B003BFD7E /* AppDelegate.swift */; };
		0477DB311FE9A43B003BFD7E /* ViewController.swift in Sources */ = {isa = PBXBuildFile; fileRef = 0477DB301FE9A43B003BFD7E /* ViewController.swift */; };
		0477DB341FE9A43B003BFD7E /* Main.storyboard in Resources */ = {isa = PBXBuildFile; fileRef = 0477DB321FE9A43B003BFD7E /* Main.storyboard */; };
		0477DB361FE9A43B003BFD7E /* Assets.xcassets in Resources */ = {isa = PBXBuildFile; fileRef = 0477DB351FE9A43B003BFD7E /* Assets.xcassets */; };
		0477DB391FE9A43B003BFD7E /* LaunchScreen.storyboard in Resources */ = {isa = PBXBuildFile; fileRef = 0477DB371FE9A43B003BFD7E /* LaunchScreen.storyboard */; };
		0477DB421FE9AB01003BFD7E /* StackCell.swift in Sources */ = {isa = PBXBuildFile; fileRef = 0477DB411FE9AB01003BFD7E /* StackCell.swift */; };
		0477DB441FE9B2E6003BFD7E /* ExpandableNames.swift in Sources */ = {isa = PBXBuildFile; fileRef = 0477DB431FE9B2E6003BFD7E /* ExpandableNames.swift */; };
		0477DB481FEAE360003BFD7E /* ScheduleCellTableViewCell.swift in Sources */ = {isa = PBXBuildFile; fileRef = 0477DB461FEAE360003BFD7E /* ScheduleCellTableViewCell.swift */; };
		0477DB491FEAE360003BFD7E /* ScheduleCellTableViewCell.xib in Resources */ = {isa = PBXBuildFile; fileRef = 0477DB471FEAE360003BFD7E /* ScheduleCellTableViewCell.xib */; };
		0477DB4B1FEAE4F7003BFD7E /* ScheduleViewController.swift in Sources */ = {isa = PBXBuildFile; fileRef = 0477DB4A1FEAE4F7003BFD7E /* ScheduleViewController.swift */; };
		04950DD51FED99320054A46A /* Constants.swift in Sources */ = {isa = PBXBuildFile; fileRef = 04950DD41FED99320054A46A /* Constants.swift */; };
		04E5B1F41FEB092D00DF25D8 /* SceneCellTableViewCell.swift in Sources */ = {isa = PBXBuildFile; fileRef = 04E5B1F21FEB092D00DF25D8 /* SceneCellTableViewCell.swift */; };
		04E5B1F51FEB092D00DF25D8 /* SceneCellTableViewCell.xib in Resources */ = {isa = PBXBuildFile; fileRef = 04E5B1F31FEB092D00DF25D8 /* SceneCellTableViewCell.xib */; };
		41CE427420BABCBBBF24B398 /* Pods_CallBibleFinally.framework in Frameworks */ = {isa = PBXBuildFile; fileRef = 43A0885817F95B437D680DED /* Pods_CallBibleFinally.framework */; };
/* End PBXBuildFile section */

/* Begin PBXFileReference section */
		043A0F091FEC5BD50092AB2F /* travelInforTableViewCell.swift */ = {isa = PBXFileReference; lastKnownFileType = sourcecode.swift; path = travelInforTableViewCell.swift; sourceTree = "<group>"; };
		043A0F0A1FEC5BD50092AB2F /* travelInforTableViewCell.xib */ = {isa = PBXFileReference; lastKnownFileType = file.xib; path = travelInforTableViewCell.xib; sourceTree = "<group>"; };
		043A0F0F1FED5A840092AB2F /* ChatViewController.swift */ = {isa = PBXFileReference; lastKnownFileType = sourcecode.swift; path = ChatViewController.swift; sourceTree = "<group>"; };
		043A0F111FED5C190092AB2F /* BibleViewController.swift */ = {isa = PBXFileReference; lastKnownFileType = sourcecode.swift; path = BibleViewController.swift; sourceTree = "<group>"; };
		0477DB2B1FE9A43B003BFD7E /* CallBibleFinally.app */ = {isa = PBXFileReference; explicitFileType = wrapper.application; includeInIndex = 0; path = CallBibleFinally.app; sourceTree = BUILT_PRODUCTS_DIR; };
		0477DB2E1FE9A43B003BFD7E /* AppDelegate.swift */ = {isa = PBXFileReference; lastKnownFileType = sourcecode.swift; path = AppDelegate.swift; sourceTree = "<group>"; };
		0477DB301FE9A43B003BFD7E /* ViewController.swift */ = {isa = PBXFileReference; lastKnownFileType = sourcecode.swift; path = ViewController.swift; sourceTree = "<group>"; };
		0477DB331FE9A43B003BFD7E /* Base */ = {isa = PBXFileReference; lastKnownFileType = file.storyboard; name = Base; path = Base.lproj/Main.storyboard; sourceTree = "<group>"; };
		0477DB351FE9A43B003BFD7E /* Assets.xcassets */ = {isa = PBXFileReference; lastKnownFileType = folder.assetcatalog; path = Assets.xcassets; sourceTree = "<group>"; };
		0477DB381FE9A43B003BFD7E /* Base */ = {isa = PBXFileReference; lastKnownFileType = file.storyboard; name = Base; path = Base.lproj/LaunchScreen.storyboard; sourceTree = "<group>"; };
		0477DB3A1FE9A43B003BFD7E /* Info.plist */ = {isa = PBXFileReference; lastKnownFileType = text.plist.xml; path = Info.plist; sourceTree = "<group>"; };
		0477DB411FE9AB01003BFD7E /* StackCell.swift */ = {isa = PBXFileReference; lastKnownFileType = sourcecode.swift; path = StackCell.swift; sourceTree = "<group>"; };
		0477DB431FE9B2E6003BFD7E /* ExpandableNames.swift */ = {isa = PBXFileReference; lastKnownFileType = sourcecode.swift; path = ExpandableNames.swift; sourceTree = "<group>"; };
		0477DB461FEAE360003BFD7E /* ScheduleCellTableViewCell.swift */ = {isa = PBXFileReference; lastKnownFileType = sourcecode.swift; path = ScheduleCellTableViewCell.swift; sourceTree = "<group>"; };
		0477DB471FEAE360003BFD7E /* ScheduleCellTableViewCell.xib */ = {isa = PBXFileReference; lastKnownFileType = file.xib; path = ScheduleCellTableViewCell.xib; sourceTree = "<group>"; };
		0477DB4A1FEAE4F7003BFD7E /* ScheduleViewController.swift */ = {isa = PBXFileReference; lastKnownFileType = sourcecode.swift; path = ScheduleViewController.swift; sourceTree = "<group>"; };
		04950DD41FED99320054A46A /* Constants.swift */ = {isa = PBXFileReference; lastKnownFileType = sourcecode.swift; path = Constants.swift; sourceTree = "<group>"; };
		04E5B1F21FEB092D00DF25D8 /* SceneCellTableViewCell.swift */ = {isa = PBXFileReference; lastKnownFileType = sourcecode.swift; path = SceneCellTableViewCell.swift; sourceTree = "<group>"; };
		04E5B1F31FEB092D00DF25D8 /* SceneCellTableViewCell.xib */ = {isa = PBXFileReference; lastKnownFileType = file.xib; path = SceneCellTableViewCell.xib; sourceTree = "<group>"; };
		249DBE77A78CA539CAA838F4 /* Pods-CallBibleFinally.debug.xcconfig */ = {isa = PBXFileReference; includeInIndex = 1; lastKnownFileType = text.xcconfig; name = "Pods-CallBibleFinally.debug.xcconfig"; path = "Pods/Target Support Files/Pods-CallBibleFinally/Pods-CallBibleFinally.debug.xcconfig"; sourceTree = "<group>"; };
		43A0885817F95B437D680DED /* Pods_CallBibleFinally.framework */ = {isa = PBXFileReference; explicitFileType = wrapper.framework; includeInIndex = 0; path = Pods_CallBibleFinally.framework; sourceTree = BUILT_PRODUCTS_DIR; };
		920AAD7DEA28C8CDC198EC98 /* Pods-CallBibleFinally.release.xcconfig */ = {isa = PBXFileReference; includeInIndex = 1; lastKnownFileType = text.xcconfig; name = "Pods-CallBibleFinally.release.xcconfig"; path = "Pods/Target Support Files/Pods-CallBibleFinally/Pods-CallBibleFinally.release.xcconfig"; sourceTree = "<group>"; };
/* End PBXFileReference section */

/* Begin PBXFrameworksBuildPhase section */
		0477DB281FE9A43B003BFD7E /* Frameworks */ = {
			isa = PBXFrameworksBuildPhase;
			buildActionMask = 2147483647;
			files = (
				41CE427420BABCBBBF24B398 /* Pods_CallBibleFinally.framework in Frameworks */,
			);
			runOnlyForDeploymentPostprocessing = 0;
		};
/* End PBXFrameworksBuildPhase section */

/* Begin PBXGroup section */
		0477DB221FE9A43B003BFD7E = {
			isa = PBXGroup;
			children = (
				0477DB2D1FE9A43B003BFD7E /* CallBibleFinally */,
				0477DB2C1FE9A43B003BFD7E /* Products */,
				EEAB4FA4E275EC69DB49E016 /* Pods */,
				AD836C171BE34D6234F3A8E8 /* Frameworks */,
			);
			sourceTree = "<group>";
		};
		0477DB2C1FE9A43B003BFD7E /* Products */ = {
			isa = PBXGroup;
			children = (
				0477DB2B1FE9A43B003BFD7E /* CallBibleFinally.app */,
			);
			name = Products;
			sourceTree = "<group>";
		};
		0477DB2D1FE9A43B003BFD7E /* CallBibleFinally */ = {
			isa = PBXGroup;
			children = (
				0477DB301FE9A43B003BFD7E /* ViewController.swift */,
				0477DB321FE9A43B003BFD7E /* Main.storyboard */,
				043A0F111FED5C190092AB2F /* BibleViewController.swift */,
				043A0F0F1FED5A840092AB2F /* ChatViewController.swift */,
				0477DB431FE9B2E6003BFD7E /* ExpandableNames.swift */,
				0477DB411FE9AB01003BFD7E /* StackCell.swift */,
				0477DB451FEAE314003BFD7E /* Schedule Table */,
				0477DB401FE9A6C9003BFD7E /* Other */,
				0477DB3A1FE9A43B003BFD7E /* Info.plist */,
			);
			path = CallBibleFinally;
			sourceTree = "<group>";
		};
		0477DB401FE9A6C9003BFD7E /* Other */ = {
			isa = PBXGroup;
			children = (
				0477DB371FE9A43B003BFD7E /* LaunchScreen.storyboard */,
				0477DB351FE9A43B003BFD7E /* Assets.xcassets */,
				0477DB2E1FE9A43B003BFD7E /* AppDelegate.swift */,
				04950DD41FED99320054A46A /* Constants.swift */,
			);
			path = Other;
			sourceTree = "<group>";
		};
		0477DB451FEAE314003BFD7E /* Schedule Table */ = {
			isa = PBXGroup;
			children = (
				0477DB4A1FEAE4F7003BFD7E /* ScheduleViewController.swift */,
				0477DB461FEAE360003BFD7E /* ScheduleCellTableViewCell.swift */,
				0477DB471FEAE360003BFD7E /* ScheduleCellTableViewCell.xib */,
				04E5B1F21FEB092D00DF25D8 /* SceneCellTableViewCell.swift */,
				04E5B1F31FEB092D00DF25D8 /* SceneCellTableViewCell.xib */,
				043A0F091FEC5BD50092AB2F /* travelInforTableViewCell.swift */,
				043A0F0A1FEC5BD50092AB2F /* travelInforTableViewCell.xib */,
			);
			path = "Schedule Table";
			sourceTree = "<group>";
		};
		AD836C171BE34D6234F3A8E8 /* Frameworks */ = {
			isa = PBXGroup;
			children = (
				43A0885817F95B437D680DED /* Pods_CallBibleFinally.framework */,
			);
			name = Frameworks;
			sourceTree = "<group>";
		};
		EEAB4FA4E275EC69DB49E016 /* Pods */ = {
			isa = PBXGroup;
			children = (
				249DBE77A78CA539CAA838F4 /* Pods-CallBibleFinally.debug.xcconfig */,
				920AAD7DEA28C8CDC198EC98 /* Pods-CallBibleFinally.release.xcconfig */,
			);
			name = Pods;
			sourceTree = "<group>";
		};
/* End PBXGroup section */

/* Begin PBXNativeTarget section */
		0477DB2A1FE9A43B003BFD7E /* CallBibleFinally */ = {
			isa = PBXNativeTarget;
			buildConfigurationList = 0477DB3D1FE9A43B003BFD7E /* Build configuration list for PBXNativeTarget "CallBibleFinally" */;
			buildPhases = (
				3919A2448B8CE73EADEB7B15 /* [CP] Check Pods Manifest.lock */,
				0477DB271FE9A43B003BFD7E /* Sources */,
				0477DB281FE9A43B003BFD7E /* Frameworks */,
				0477DB291FE9A43B003BFD7E /* Resources */,
				88C549C4569F5D3DE8B49A6D /* [CP] Embed Pods Frameworks */,
				5F7F9CAFC6042903FD6E6C2A /* [CP] Copy Pods Resources */,
			);
			buildRules = (
			);
			dependencies = (
			);
			name = CallBibleFinally;
			productName = CallBibleFinally;
			productReference = 0477DB2B1FE9A43B003BFD7E /* CallBibleFinally.app */;
			productType = "com.apple.product-type.application";
		};
/* End PBXNativeTarget section */

/* Begin PBXProject section */
		0477DB231FE9A43B003BFD7E /* Project object */ = {
			isa = PBXProject;
			attributes = {
				LastSwiftUpdateCheck = 0920;
				LastUpgradeCheck = 0920;
				ORGANIZATIONNAME = "Brian O'Toole";
				TargetAttributes = {
					0477DB2A1FE9A43B003BFD7E = {
						CreatedOnToolsVersion = 9.2;
						ProvisioningStyle = Automatic;
					};
				};
			};
			buildConfigurationList = 0477DB261FE9A43B003BFD7E /* Build configuration list for PBXProject "CallBibleFinally" */;
			compatibilityVersion = "Xcode 8.0";
			developmentRegion = en;
			hasScannedForEncodings = 0;
			knownRegions = (
				en,
				Base,
			);
			mainGroup = 0477DB221FE9A43B003BFD7E;
			productRefGroup = 0477DB2C1FE9A43B003BFD7E /* Products */;
			projectDirPath = "";
			projectRoot = "";
			targets = (
				0477DB2A1FE9A43B003BFD7E /* CallBibleFinally */,
			);
		};
/* End PBXProject section */

/* Begin PBXResourcesBuildPhase section */
		0477DB291FE9A43B003BFD7E /* Resources */ = {
			isa = PBXResourcesBuildPhase;
			buildActionMask = 2147483647;
			files = (
				0477DB391FE9A43B003BFD7E /* LaunchScreen.storyboard in Resources */,
				0477DB361FE9A43B003BFD7E /* Assets.xcassets in Resources */,
				043A0F0C1FEC5BD50092AB2F /* travelInforTableViewCell.xib in Resources */,
				0477DB491FEAE360003BFD7E /* ScheduleCellTableViewCell.xib in Resources */,
				04E5B1F51FEB092D00DF25D8 /* SceneCellTableViewCell.xib in Resources */,
				0477DB341FE9A43B003BFD7E /* Main.storyboard in Resources */,
			);
			runOnlyForDeploymentPostprocessing = 0;
		};
/* End PBXResourcesBuildPhase section */

/* Begin PBXShellScriptBuildPhase section */
		3919A2448B8CE73EADEB7B15 /* [CP] Check Pods Manifest.lock */ = {
			isa = PBXShellScriptBuildPhase;
			buildActionMask = 2147483647;
			files = (
			);
			inputPaths = (
				"${PODS_PODFILE_DIR_PATH}/Podfile.lock",
				"${PODS_ROOT}/Manifest.lock",
			);
			name = "[CP] Check Pods Manifest.lock";
			outputPaths = (
				"$(DERIVED_FILE_DIR)/Pods-CallBibleFinally-checkManifestLockResult.txt",
			);
			runOnlyForDeploymentPostprocessing = 0;
			shellPath = /bin/sh;
			shellScript = "diff \"${PODS_PODFILE_DIR_PATH}/Podfile.lock\" \"${PODS_ROOT}/Manifest.lock\" > /dev/null\nif [ $? != 0 ] ; then\n    # print error to STDERR\n    echo \"error: The sandbox is not in sync with the Podfile.lock. Run 'pod install' or update your CocoaPods installation.\" >&2\n    exit 1\nfi\n# This output is used by Xcode 'outputs' to avoid re-running this script phase.\necho \"SUCCESS\" > \"${SCRIPT_OUTPUT_FILE_0}\"\n";
			showEnvVarsInLog = 0;
		};
		5F7F9CAFC6042903FD6E6C2A /* [CP] Copy Pods Resources */ = {
			isa = PBXShellScriptBuildPhase;
			buildActionMask = 2147483647;
			files = (
			);
			inputPaths = (
			);
			name = "[CP] Copy Pods Resources";
			outputPaths = (
			);
			runOnlyForDeploymentPostprocessing = 0;
			shellPath = /bin/sh;
			shellScript = "\"${SRCROOT}/Pods/Target Support Files/Pods-CallBibleFinally/Pods-CallBibleFinally-resources.sh\"\n";
			showEnvVarsInLog = 0;
		};
		88C549C4569F5D3DE8B49A6D /* [CP] Embed Pods Frameworks */ = {
			isa = PBXShellScriptBuildPhase;
			buildActionMask = 2147483647;
			files = (
			);
			inputPaths = (
				"${SRCROOT}/Pods/Target Support Files/Pods-CallBibleFinally/Pods-CallBibleFinally-frameworks.sh",
				"${BUILT_PRODUCTS_DIR}/Alamofire/Alamofire.framework",
				"${BUILT_PRODUCTS_DIR}/ISTimeline/ISTimeline.framework",
				"${BUILT_PRODUCTS_DIR}/SwiftyJSON/SwiftyJSON.framework",
				"${BUILT_PRODUCTS_DIR}/TimelineTableViewCell/TimelineTableViewCell.framework",
			);
			name = "[CP] Embed Pods Frameworks";
			outputPaths = (
				"${TARGET_BUILD_DIR}/${FRAMEWORKS_FOLDER_PATH}/Alamofire.framework",
				"${TARGET_BUILD_DIR}/${FRAMEWORKS_FOLDER_PATH}/ISTimeline.framework",
				"${TARGET_BUILD_DIR}/${FRAMEWORKS_FOLDER_PATH}/SwiftyJSON.framework",
				"${TARGET_BUILD_DIR}/${FRAMEWORKS_FOLDER_PATH}/TimelineTableViewCell.framework",
			);
			runOnlyForDeploymentPostprocessing = 0;
			shellPath = /bin/sh;
			shellScript = "\"${SRCROOT}/Pods/Target Support Files/Pods-CallBibleFinally/Pods-CallBibleFinally-frameworks.sh\"\n";
			showEnvVarsInLog = 0;
		};
/* End PBXShellScriptBuildPhase section */

/* Begin PBXSourcesBuildPhase section */
		0477DB271FE9A43B003BFD7E /* Sources */ = {
			isa = PBXSourcesBuildPhase;
			buildActionMask = 2147483647;
			files = (
				043A0F0B1FEC5BD50092AB2F /* travelInforTableViewCell.swift in Sources */,
				04950DD51FED99320054A46A /* Constants.swift in Sources */,
				0477DB441FE9B2E6003BFD7E /* ExpandableNames.swift in Sources */,
				0477DB421FE9AB01003BFD7E /* StackCell.swift in Sources */,
				0477DB481FEAE360003BFD7E /* ScheduleCellTableViewCell.swift in Sources */,
				0477DB4B1FEAE4F7003BFD7E /* ScheduleViewController.swift in Sources */,
				0477DB311FE9A43B003BFD7E /* ViewController.swift in Sources */,
				0477DB2F1FE9A43B003BFD7E /* AppDelegate.swift in Sources */,
				043A0F101FED5A840092AB2F /* ChatViewController.swift in Sources */,
				04E5B1F41FEB092D00DF25D8 /* SceneCellTableViewCell.swift in Sources */,
				043A0F121FED5C190092AB2F /* BibleViewController.swift in Sources */,
			);
			runOnlyForDeploymentPostprocessing = 0;
		};
/* End PBXSourcesBuildPhase section */

/* Begin PBXVariantGroup section */
		0477DB321FE9A43B003BFD7E /* Main.storyboard */ = {
			isa = PBXVariantGroup;
			children = (
				0477DB331FE9A43B003BFD7E /* Base */,
			);
			name = Main.storyboard;
			sourceTree = "<group>";
		};
		0477DB371FE9A43B003BFD7E /* LaunchScreen.storyboard */ = {
			isa = PBXVariantGroup;
			children = (
				0477DB381FE9A43B003BFD7E /* Base */,
			);
			name = LaunchScreen.storyboard;
			sourceTree = "<group>";
		};
/* End PBXVariantGroup section */

/* Begin XCBuildConfiguration section */
		0477DB3B1FE9A43B003BFD7E /* Debug */ = {
			isa = XCBuildConfiguration;
			buildSettings = {
				ALWAYS_SEARCH_USER_PATHS = NO;
				CLANG_ANALYZER_NONNULL = YES;
				CLANG_ANALYZER_NUMBER_OBJECT_CONVERSION = YES_AGGRESSIVE;
				CLANG_CXX_LANGUAGE_STANDARD = "gnu++14";
				CLANG_CXX_LIBRARY = "libc++";
				CLANG_ENABLE_MODULES = YES;
				CLANG_ENABLE_OBJC_ARC = YES;
				CLANG_WARN_BLOCK_CAPTURE_AUTORELEASING = YES;
				CLANG_WARN_BOOL_CONVERSION = YES;
				CLANG_WARN_COMMA = YES;
				CLANG_WARN_CONSTANT_CONVERSION = YES;
				CLANG_WARN_DIRECT_OBJC_ISA_USAGE = YES_ERROR;
				CLANG_WARN_DOCUMENTATION_COMMENTS = YES;
				CLANG_WARN_EMPTY_BODY = YES;
				CLANG_WARN_ENUM_CONVERSION = YES;
				CLANG_WARN_INFINITE_RECURSION = YES;
				CLANG_WARN_INT_CONVERSION = YES;
				CLANG_WARN_NON_LITERAL_NULL_CONVERSION = YES;
				CLANG_WARN_OBJC_LITERAL_CONVERSION = YES;
				CLANG_WARN_OBJC_ROOT_CLASS = YES_ERROR;
				CLANG_WARN_RANGE_LOOP_ANALYSIS = YES;
				CLANG_WARN_STRICT_PROTOTYPES = YES;
				CLANG_WARN_SUSPICIOUS_MOVE = YES;
				CLANG_WARN_UNGUARDED_AVAILABILITY = YES_AGGRESSIVE;
				CLANG_WARN_UNREACHABLE_CODE = YES;
				CLANG_WARN__DUPLICATE_METHOD_MATCH = YES;
				CODE_SIGN_IDENTITY = "iPhone Developer";
				COPY_PHASE_STRIP = NO;
				DEBUG_INFORMATION_FORMAT = dwarf;
				ENABLE_STRICT_OBJC_MSGSEND = YES;
				ENABLE_TESTABILITY = YES;
				GCC_C_LANGUAGE_STANDARD = gnu11;
				GCC_DYNAMIC_NO_PIC = NO;
				GCC_NO_COMMON_BLOCKS = YES;
				GCC_OPTIMIZATION_LEVEL = 0;
				GCC_PREPROCESSOR_DEFINITIONS = (
					"DEBUG=1",
					"$(inherited)",
				);
				GCC_WARN_64_TO_32_BIT_CONVERSION = YES;
				GCC_WARN_ABOUT_RETURN_TYPE = YES_ERROR;
				GCC_WARN_UNDECLARED_SELECTOR = YES;
				GCC_WARN_UNINITIALIZED_AUTOS = YES_AGGRESSIVE;
				GCC_WARN_UNUSED_FUNCTION = YES;
				GCC_WARN_UNUSED_VARIABLE = YES;
				IPHONEOS_DEPLOYMENT_TARGET = 11.2;
				MTL_ENABLE_DEBUG_INFO = YES;
				ONLY_ACTIVE_ARCH = YES;
				SDKROOT = iphoneos;
				SWIFT_ACTIVE_COMPILATION_CONDITIONS = DEBUG;
				SWIFT_OPTIMIZATION_LEVEL = "-Onone";
			};
			name = Debug;
		};
		0477DB3C1FE9A43B003BFD7E /* Release */ = {
			isa = XCBuildConfiguration;
			buildSettings = {
				ALWAYS_SEARCH_USER_PATHS = NO;
				CLANG_ANALYZER_NONNULL = YES;
				CLANG_ANALYZER_NUMBER_OBJECT_CONVERSION = YES_AGGRESSIVE;
				CLANG_CXX_LANGUAGE_STANDARD = "gnu++14";
				CLANG_CXX_LIBRARY = "libc++";
				CLANG_ENABLE_MODULES = YES;
				CLANG_ENABLE_OBJC_ARC = YES;
				CLANG_WARN_BLOCK_CAPTURE_AUTORELEASING = YES;
				CLANG_WARN_BOOL_CONVERSION = YES;
				CLANG_WARN_COMMA = YES;
				CLANG_WARN_CONSTANT_CONVERSION = YES;
				CLANG_WARN_DIRECT_OBJC_ISA_USAGE = YES_ERROR;
				CLANG_WARN_DOCUMENTATION_COMMENTS = YES;
				CLANG_WARN_EMPTY_BODY = YES;
				CLANG_WARN_ENUM_CONVERSION = YES;
				CLANG_WARN_INFINITE_RECURSION = YES;
				CLANG_WARN_INT_CONVERSION = YES;
				CLANG_WARN_NON_LITERAL_NULL_CONVERSION = YES;
				CLANG_WARN_OBJC_LITERAL_CONVERSION = YES;
				CLANG_WARN_OBJC_ROOT_CLASS = YES_ERROR;
				CLANG_WARN_RANGE_LOOP_ANALYSIS = YES;
				CLANG_WARN_STRICT_PROTOTYPES = YES;
				CLANG_WARN_SUSPICIOUS_MOVE = YES;
				CLANG_WARN_UNGUARDED_AVAILABILITY = YES_AGGRESSIVE;
				CLANG_WARN_UNREACHABLE_CODE = YES;
				CLANG_WARN__DUPLICATE_METHOD_MATCH = YES;
				CODE_SIGN_IDENTITY = "iPhone Developer";
				COPY_PHASE_STRIP = NO;
				DEBUG_INFORMATION_FORMAT = "dwarf-with-dsym";
				ENABLE_NS_ASSERTIONS = NO;
				ENABLE_STRICT_OBJC_MSGSEND = YES;
				GCC_C_LANGUAGE_STANDARD = gnu11;
				GCC_NO_COMMON_BLOCKS = YES;
				GCC_WARN_64_TO_32_BIT_CONVERSION = YES;
				GCC_WARN_ABOUT_RETURN_TYPE = YES_ERROR;
				GCC_WARN_UNDECLARED_SELECTOR = YES;
				GCC_WARN_UNINITIALIZED_AUTOS = YES_AGGRESSIVE;
				GCC_WARN_UNUSED_FUNCTION = YES;
				GCC_WARN_UNUSED_VARIABLE = YES;
				IPHONEOS_DEPLOYMENT_TARGET = 11.2;
				MTL_ENABLE_DEBUG_INFO = NO;
				SDKROOT = iphoneos;
				SWIFT_OPTIMIZATION_LEVEL = "-Owholemodule";
				VALIDATE_PRODUCT = YES;
			};
			name = Release;
		};
		0477DB3E1FE9A43B003BFD7E /* Debug */ = {
			isa = XCBuildConfiguration;
			baseConfigurationReference = 249DBE77A78CA539CAA838F4 /* Pods-CallBibleFinally.debug.xcconfig */;
			buildSettings = {
				ASSETCATALOG_COMPILER_APPICON_NAME = AppIcon;
				CODE_SIGN_STYLE = Automatic;
				DEVELOPMENT_TEAM = YV3356HS64;
				INFOPLIST_FILE = CallBibleFinally/Info.plist;
				LD_RUNPATH_SEARCH_PATHS = "$(inherited) @executable_path/Frameworks";
				PRODUCT_BUNDLE_IDENTIFIER = com.cambriancreative.CallBibleFinally;
				PRODUCT_NAME = "$(TARGET_NAME)";
				SWIFT_VERSION = 4.0;
				TARGETED_DEVICE_FAMILY = "1,2";
			};
			name = Debug;
		};
		0477DB3F1FE9A43B003BFD7E /* Release */ = {
			isa = XCBuildConfiguration;
			baseConfigurationReference = 920AAD7DEA28C8CDC198EC98 /* Pods-CallBibleFinally.release.xcconfig */;
			buildSettings = {
				ASSETCATALOG_COMPILER_APPICON_NAME = AppIcon;
				CODE_SIGN_STYLE = Automatic;
				DEVELOPMENT_TEAM = YV3356HS64;
				INFOPLIST_FILE = CallBibleFinally/Info.plist;
				LD_RUNPATH_SEARCH_PATHS = "$(inherited) @executable_path/Frameworks";
				PRODUCT_BUNDLE_IDENTIFIER = com.cambriancreative.CallBibleFinally;
				PRODUCT_NAME = "$(TARGET_NAME)";
				SWIFT_VERSION = 4.0;
				TARGETED_DEVICE_FAMILY = "1,2";
			};
			name = Release;
		};
/* End XCBuildConfiguration section */

/* Begin XCConfigurationList section */
		0477DB261FE9A43B003BFD7E /* Build configuration list for PBXProject "CallBibleFinally" */ = {
			isa = XCConfigurationList;
			buildConfigurations = (
				0477DB3B1FE9A43B003BFD7E /* Debug */,
				0477DB3C1FE9A43B003BFD7E /* Release */,
			);
			defaultConfigurationIsVisible = 0;
			defaultConfigurationName = Release;
		};
		0477DB3D1FE9A43B003BFD7E /* Build configuration list for PBXNativeTarget "CallBibleFinally" */ = {
			isa = XCConfigurationList;
			buildConfigurations = (
				0477DB3E1FE9A43B003BFD7E /* Debug */,
				0477DB3F1FE9A43B003BFD7E /* Release */,
			);
			defaultConfigurationIsVisible = 0;
			defaultConfigurationName = Release;
		};
/* End XCConfigurationList section */
	};
	rootObject = 0477DB231FE9A43B003BFD7E /* Project object */;
}
